// !$*UTF8*$!
{
	archiveVersion = 1;
	classes = {
	};
	objectVersion = 46;
	objects = {

/* Begin PBXBuildFile section */
		008CEA901DCC68D40074F120 /* AppDelegate.swift in Sources */ = {isa = PBXBuildFile; fileRef = 008CEA8F1DCC68D40074F120 /* AppDelegate.swift */; };
		008CEA921DCC68D40074F120 /* ViewController.swift in Sources */ = {isa = PBXBuildFile; fileRef = 008CEA911DCC68D40074F120 /* ViewController.swift */; };
		008CEA951DCC68D40074F120 /* Main.storyboard in Resources */ = {isa = PBXBuildFile; fileRef = 008CEA931DCC68D40074F120 /* Main.storyboard */; };
		008CEA971DCC68D40074F120 /* Assets.xcassets in Resources */ = {isa = PBXBuildFile; fileRef = 008CEA961DCC68D40074F120 /* Assets.xcassets */; };
		008CEA9A1DCC68D40074F120 /* LaunchScreen.storyboard in Resources */ = {isa = PBXBuildFile; fileRef = 008CEA981DCC68D40074F120 /* LaunchScreen.storyboard */; };
/* End PBXBuildFile section */

/* Begin PBXFileReference section */
		008CEA8C1DCC68D40074F120 /* BlurPresentationSample.app */ = {isa = PBXFileReference; explicitFileType = wrapper.application; includeInIndex = 0; path = BlurPresentationSample.app; sourceTree = BUILT_PRODUCTS_DIR; };
		008CEA8F1DCC68D40074F120 /* AppDelegate.swift */ = {isa = PBXFileReference; lastKnownFileType = sourcecode.swift; path = AppDelegate.swift; sourceTree = "<group>"; };
		008CEA911DCC68D40074F120 /* ViewController.swift */ = {isa = PBXFileReference; lastKnownFileType = sourcecode.swift; path = ViewController.swift; sourceTree = "<group>"; };
		008CEA941DCC68D40074F120 /* Base */ = {isa = PBXFileReference; lastKnownFileType = file.storyboard; name = Base; path = Base.lproj/Main.storyboard; sourceTree = "<group>"; };
		008CEA961DCC68D40074F120 /* Assets.xcassets */ = {isa = PBXFileReference; lastKnownFileType = folder.assetcatalog; path = Assets.xcassets; sourceTree = "<group>"; };
		008CEA991DCC68D40074F120 /* Base */ = {isa = PBXFileReference; lastKnownFileType = file.storyboard; name = Base; path = Base.lproj/LaunchScreen.storyboard; sourceTree = "<group>"; };
		008CEA9B1DCC68D40074F120 /* Info.plist */ = {isa = PBXFileReference; lastKnownFileType = text.plist.xml; path = Info.plist; sourceTree = "<group>"; };
/* End PBXFileReference section */

/* Begin PBXFrameworksBuildPhase section */
		008CEA891DCC68D40074F120 /* Frameworks */ = {
			isa = PBXFrameworksBuildPhase;
			buildActionMask = 2147483647;
			files = (
			);
			runOnlyForDeploymentPostprocessing = 0;
		};
/* End PBXFrameworksBuildPhase section */

/* Begin PBXGroup section */
		008CEA831DCC68D40074F120 = {
			isa = PBXGroup;
			children = (
				008CEA8E1DCC68D40074F120 /* BlurPresentationSample */,
				008CEA8D1DCC68D40074F120 /* Products */,
			);
			sourceTree = "<group>";
		};
		008CEA8D1DCC68D40074F120 /* Products */ = {
			isa = PBXGroup;
			children = (
				008CEA8C1DCC68D40074F120 /* BlurPresentationSample.app */,
			);
			name = Products;
			sourceTree = "<group>";
		};
		008CEA8E1DCC68D40074F120 /* BlurPresentationSample */ = {
			isa = PBXGroup;
			children = (
				008CEA8F1DCC68D40074F120 /* AppDelegate.swift */,
				008CEA911DCC68D40074F120 /* ViewController.swift */,
				008CEA931DCC68D40074F120 /* Main.storyboard */,
				008CEA961DCC68D40074F120 /* Assets.xcassets */,
				008CEA981DCC68D40074F120 /* LaunchScreen.storyboard */,
				008CEA9B1DCC68D40074F120 /* Info.plist */,
			);
			path = BlurPresentationSample;
			sourceTree = "<group>";
		};
/* End PBXGroup section */

/* Begin PBXNativeTarget section */
		008CEA8B1DCC68D40074F120 /* BlurPresentationSample */ = {
			isa = PBXNativeTarget;
			buildConfigurationList = 008CEA9E1DCC68D40074F120 /* Build configuration list for PBXNativeTarget "BlurPresentationSample" */;
			buildPhases = (
				008CEA881DCC68D40074F120 /* Sources */,
				008CEA891DCC68D40074F120 /* Frameworks */,
				008CEA8A1DCC68D40074F120 /* Resources */,
			);
			buildRules = (
			);
			dependencies = (
			);
			name = BlurPresentationSample;
			productName = BlurPresentationSample;
			productReference = 008CEA8C1DCC68D40074F120 /* BlurPresentationSample.app */;
			productType = "com.apple.product-type.application";
		};
/* End PBXNativeTarget section */

/* Begin PBXProject section */
		008CEA841DCC68D40074F120 /* Project object */ = {
			isa = PBXProject;
			attributes = {
				LastSwiftUpdateCheck = 0810;
				LastUpgradeCheck = 0810;
				ORGANIZATIONNAME = Danis;
				TargetAttributes = {
					008CEA8B1DCC68D40074F120 = {
						CreatedOnToolsVersion = 8.1;
						ProvisioningStyle = Automatic;
					};
				};
			};
			buildConfigurationList = 008CEA871DCC68D40074F120 /* Build configuration list for PBXProject "BlurPresentationSample" */;
			compatibilityVersion = "Xcode 3.2";
			developmentRegion = English;
			hasScannedForEncodings = 0;
			knownRegions = (
				en,
				Base,
			);
			mainGroup = 008CEA831DCC68D40074F120;
			productRefGroup = 008CEA8D1DCC68D40074F120 /* Products */;
			projectDirPath = "";
			projectRoot = "";
			targets = (
				008CEA8B1DCC68D40074F120 /* BlurPresentationSample */,
			);
		};
/* End PBXProject section */

/* Begin PBXResourcesBuildPhase section */
		008CEA8A1DCC68D40074F120 /* Resources */ = {
			isa = PBXResourcesBuildPhase;
			buildActionMask = 2147483647;
			files = (
				008CEA9A1DCC68D40074F120 /* LaunchScreen.storyboard in Resources */,
				008CEA971DCC68D40074F120 /* Assets.xcassets in Resources */,
				008CEA951DCC68D40074F120 /* Main.storyboard in Resources */,
			);
			runOnlyForDeploymentPostprocessing = 0;
		};
/* End PBXResourcesBuildPhase section */

/* Begin PBXSourcesBuildPhase section */
		008CEA881DCC68D40074F120 /* Sources */ = {
			isa = PBXSourcesBuildPhase;
			buildActionMask = 2147483647;
			files = (
				008CEA921DCC68D40074F120 /* ViewController.swift in Sources */,
				008CEA901DCC68D40074F120 /* AppDelegate.swift in Sources */,
			);
			runOnlyForDeploymentPostprocessing = 0;
		};
/* End PBXSourcesBuildPhase section */

/* Begin PBXVariantGroup section */
		008CEA931DCC68D40074F120 /* Main.storyboard */ = {
			isa = PBXVariantGroup;
			children = (
				008CEA941DCC68D40074F120 /* Base */,
			);
			name = Main.storyboard;
			sourceTree = "<group>";
		};
		008CEA981DCC68D40074F120 /* LaunchScreen.storyboard */ = {
			isa = PBXVariantGroup;
			children = (
				008CEA991DCC68D40074F120 /* Base */,
			);
			name = LaunchScreen.storyboard;
			sourceTree = "<group>";
		};
/* End PBXVariantGroup section */

/* Begin XCBuildConfiguration section */
		008CEA9C1DCC68D40074F120 /* Debug */ = {
			isa = XCBuildConfiguration;
			buildSettings = {
				ALWAYS_SEARCH_USER_PATHS = NO;
				CLANG_ANALYZER_NONNULL = YES;
				CLANG_CXX_LANGUAGE_STANDARD = "gnu++0x";
				CLANG_CXX_LIBRARY = "libc++";
				CLANG_ENABLE_MODULES = YES;
				CLANG_ENABLE_OBJC_ARC = YES;
				CLANG_WARN_BOOL_CONVERSION = YES;
				CLANG_WARN_CONSTANT_CONVERSION = YES;
				CLANG_WARN_DIRECT_OBJC_ISA_USAGE = YES_ERROR;
				CLANG_WARN_DOCUMENTATION_COMMENTS = YES;
				CLANG_WARN_EMPTY_BODY = YES;
				CLANG_WARN_ENUM_CONVERSION = YES;
				CLANG_WARN_INFINITE_RECURSION = YES;
				CLANG_WARN_INT_CONVERSION = YES;
				CLANG_WARN_OBJC_ROOT_CLASS = YES_ERROR;
				CLANG_WARN_SUSPICIOUS_MOVES = YES;
				CLANG_WARN_UNREACHABLE_CODE = YES;
				CLANG_WARN__DUPLICATE_METHOD_MATCH = YES;
				"CODE_SIGN_IDENTITY[sdk=iphoneos*]" = "iPhone Developer";
				COPY_PHASE_STRIP = NO;
				DEBUG_INFORMATION_FORMAT = dwarf;
				ENABLE_STRICT_OBJC_MSGSEND = YES;
				ENABLE_TESTABILITY = YES;
				GCC_C_LANGUAGE_STANDARD = gnu99;
				GCC_DYNAMIC_NO_PIC = NO;
				GCC_NO_COMMON_BLOCKS = YES;
				GCC_OPTIMIZATION_LEVEL = 0;
				GCC_PREPROCESSOR_DEFINITIONS = (
					"DEBUG=1",
					"$(inherited)",
				);
				GCC_WARN_64_TO_32_BIT_CONVERSION = YES;
				GCC_WARN_ABOUT_RETURN_TYPE = YES_ERROR;
				GCC_WARN_UNDECLARED_SELECTOR = YES;
				GCC_WARN_UNINITIALIZED_AUTOS = YES_AGGRESSIVE;
				GCC_WARN_UNUSED_FUNCTION = YES;
				GCC_WARN_UNUSED_VARIABLE = YES;
				IPHONEOS_DEPLOYMENT_TARGET = 10.1;
				MTL_ENABLE_DEBUG_INFO = YES;
				ONLY_ACTIVE_ARCH = YES;
				SDKROOT = iphoneos;
				SWIFT_ACTIVE_COMPILATION_CONDITIONS = DEBUG;
				SWIFT_OPTIMIZATION_LEVEL = "-Onone";
				TARGETED_DEVICE_FAMILY = "1,2";
			};
			name = Debug;
		};
		008CEA9D1DCC68D40074F120 /* Release */ = {
			isa = XCBuildConfiguration;
			buildSettings = {
				ALWAYS_SEARCH_USER_PATHS = NO;
				CLANG_ANALYZER_NONNULL = YES;
				CLANG_CXX_LANGUAGE_STANDARD = "gnu++0x";
				CLANG_CXX_LIBRARY = "libc++";
				CLANG_ENABLE_MODULES = YES;
				CLANG_ENABLE_OBJC_ARC = YES;
				CLANG_WARN_BOOL_CONVERSION = YES;
				CLANG_WARN_CONSTANT_CONVERSION = YES;
				CLANG_WARN_DIRECT_OBJC_ISA_USAGE = YES_ERROR;
				CLANG_WARN_DOCUMENTATION_COMMENTS = YES;
				CLANG_WARN_EMPTY_BODY = YES;
				CLANG_WARN_ENUM_CONVERSION = YES;
				CLANG_WARN_INFINITE_RECURSION = YES;
				CLANG_WARN_INT_CONVERSION = YES;
				CLANG_WARN_OBJC_ROOT_CLASS = YES_ERROR;
				CLANG_WARN_SUSPICIOUS_MOVES = YES;
				CLANG_WARN_UNREACHABLE_CODE = YES;
				CLANG_WARN__DUPLICATE_METHOD_MATCH = YES;
				"CODE_SIGN_IDENTITY[sdk=iphoneos*]" = "iPhone Developer";
				COPY_PHASE_STRIP = NO;
				DEBUG_INFORMATION_FORMAT = "dwarf-with-dsym";
				ENABLE_NS_ASSERTIONS = NO;
				ENABLE_STRICT_OBJC_MSGSEND = YES;
				GCC_C_LANGUAGE_STANDARD = gnu99;
				GCC_NO_COMMON_BLOCKS = YES;
				GCC_WARN_64_TO_32_BIT_CONVERSION = YES;
				GCC_WARN_ABOUT_RETURN_TYPE = YES_ERROR;
				GCC_WARN_UNDECLARED_SELECTOR = YES;
				GCC_WARN_UNINITIALIZED_AUTOS = YES_AGGRESSIVE;
				GCC_WARN_UNUSED_FUNCTION = YES;
				GCC_WARN_UNUSED_VARIABLE = YES;
				IPHONEOS_DEPLOYMENT_TARGET = 10.1;
				MTL_ENABLE_DEBUG_INFO = NO;
				SDKROOT = iphoneos;
				SWIFT_OPTIMIZATION_LEVEL = "-Owholemodule";
				TARGETED_DEVICE_FAMILY = "1,2";
				VALIDATE_PRODUCT = YES;
			};
			name = Release;
		};
		008CEA9F1DCC68D40074F120 /* Debug */ = {
			isa = XCBuildConfiguration;
			buildSettings = {
				ASSETCATALOG_COMPILER_APPICON_NAME = AppIcon;
				INFOPLIST_FILE = BlurPresentationSample/Info.plist;
				LD_RUNPATH_SEARCH_PATHS = "$(inherited) @executable_path/Frameworks";
				PRODUCT_BUNDLE_IDENTIFIER = com.danis.BlurPresentationSample;
				PRODUCT_NAME = "$(TARGET_NAME)";
				SWIFT_VERSION = 3.0;
			};
			name = Debug;
		};
		008CEAA01DCC68D40074F120 /* Release */ = {
			isa = XCBuildConfiguration;
			buildSettings = {
				ASSETCATALOG_COMPILER_APPICON_NAME = AppIcon;
				INFOPLIST_FILE = BlurPresentationSample/Info.plist;
				LD_RUNPATH_SEARCH_PATHS = "$(inherited) @executable_path/Frameworks";
				PRODUCT_BUNDLE_IDENTIFIER = com.danis.BlurPresentationSample;
				PRODUCT_NAME = "$(TARGET_NAME)";
				SWIFT_VERSION = 3.0;
			};
			name = Release;
		};
/* End XCBuildConfiguration section */

/* Begin XCConfigurationList section */
		008CEA871DCC68D40074F120 /* Build configuration list for PBXProject "BlurPresentationSample" */ = {
			isa = XCConfigurationList;
			buildConfigurations = (
				008CEA9C1DCC68D40074F120 /* Debug */,
				008CEA9D1DCC68D40074F120 /* Release */,
			);
			defaultConfigurationIsVisible = 0;
			defaultConfigurationName = Release;
		};
		008CEA9E1DCC68D40074F120 /* Build configuration list for PBXNativeTarget "BlurPresentationSample" */ = {
			isa = XCConfigurationList;
			buildConfigurations = (
				008CEA9F1DCC68D40074F120 /* Debug */,
				008CEAA01DCC68D40074F120 /* Release */,
			);
			defaultConfigurationIsVisible = 0;
		};
/* End XCConfigurationList section */
	};
	rootObject = 008CEA841DCC68D40074F120 /* Project object */;
}
